
Microsoft Visual Studio Solution File, Format Version 12.00
# Visual Studio Version 17
VisualStudioVersion = 17.6.33829.357
MinimumVisualStudioVersion = 10.0.40219.1
Project("{8BC9CEB8-8B4A-11D0-8D11-00A0C91BC942}") = "dx11-test", "dx11-test.vcxproj", "{C2501FEE-C18B-4399-B06C-13DC3A8AAAEF}"
EndProject
Global
	GlobalSection(SolutionConfigurationPlatforms) = preSolution
		Debug|x64 = Debug|x64
		Debug|x86 = Debug|x86
		Release|x64 = Release|x64
		Release|x86 = Release|x86
	EndGlobalSection
	GlobalSection(ProjectConfigurationPlatforms) = postSolution
		{C2501FEE-C18B-4399-B06C-13DC3A8AAAEF}.Debug|x64.ActiveCfg = Debug|x64
		{C2501FEE-C18B-4399-B06C-13DC3A8AAAEF}.Debug|x64.Build.0 = Debug|x64
		{C2501FEE-C18B-4399-B06C-13DC3A8AAAEF}.Debug|x86.ActiveCfg = Debug|Win32
		{C2501FEE-C18B-4399-B06C-13DC3A8AAAEF}.Debug|x86.Build.0 = Debug|Win32
		{C2501FEE-C18B-4399-B06C-13DC3A8AAAEF}.Release|x64.ActiveCfg = Release|x64
		{C2501FEE-C18B-4399-B06C-13DC3A8AAAEF}.Release|x64.Build.0 = Release|x64
		{C2501FEE-C18B-4399-B06C-13DC3A8AAAEF}.Release|x86.ActiveCfg = Release|Win32
		{C2501FEE-C18B-4399-B06C-13DC3A8AAAEF}.Release|x86.Build.0 = Release|Win32
	EndGlobalSection
	GlobalSection(SolutionProperties) = preSolution
		HideSolutionNode = FALSE
	EndGlobalSection
	GlobalSection(ExtensibilityGlobals) = postSolution
		SolutionGuid = {031A29D0-2780-47CB-A6C1-F91812EF5807}
	EndGlobalSection
EndGlobal
