<?xml version="1.0" encoding="utf-8"?>
<Project ToolsVersion="4.0" xmlns="http://schemas.microsoft.com/developer/msbuild/2003">
  <ItemGroup>
    <Filter Include="Source Files">
      <UniqueIdentifier>{4FC737F1-C7A5-4376-A066-2A32D752A2FF}</UniqueIdentifier>
      <Extensions>cpp;c;cc;cxx;c++;cppm;ixx;def;odl;idl;hpj;bat;asm;asmx</Extensions>
    </Filter>
    <Filter Include="Header Files">
      <UniqueIdentifier>{93995380-89BD-4b04-88EB-625FBE52EBFB}</UniqueIdentifier>
      <Extensions>h;hh;hpp;hxx;h++;hm;inl;inc;ipp;xsd</Extensions>
    </Filter>
    <Filter Include="Resource Files">
      <UniqueIdentifier>{67DA6AB6-F800-4c08-8B7A-83BB121AAD01}</UniqueIdentifier>
      <Extensions>rc;ico;cur;bmp;dlg;rc2;rct;bin;rgs;gif;jpg;jpeg;jpe;resx;tiff;tif;png;wav;mfcribbon-ms</Extensions>
    </Filter>
    <Filter Include="Engine">
      <UniqueIdentifier>{1b46126d-5c64-4410-af11-e3c3b55eb296}</UniqueIdentifier>
    </Filter>
    <Filter Include="Engine\Source">
      <UniqueIdentifier>{e8abae91-c323-41a0-a382-ecc7b8493efc}</UniqueIdentifier>
    </Filter>
    <Filter Include="Engine\Headers">
      <UniqueIdentifier>{461d3a99-ce11-4e08-b144-f8d77793ff01}</UniqueIdentifier>
    </Filter>
    <Filter Include="Engine\Audio">
      <UniqueIdentifier>{70fe5304-dfd9-4fa4-bdc4-aa75ee5fb110}</UniqueIdentifier>
    </Filter>
    <Filter Include="Engine\Graphics">
      <UniqueIdentifier>{3fa21f89-9990-46d1-bc60-c1092febdce2}</UniqueIdentifier>
    </Filter>
    <Filter Include="Engine\Source\UI">
      <UniqueIdentifier>{f15619eb-ba7d-4976-bfb9-1c7ea0b3b7cc}</UniqueIdentifier>
    </Filter>
    <Filter Include="Engine\Headers\UI">
      <UniqueIdentifier>{78021898-66dd-43ad-b656-c48716380f7e}</UniqueIdentifier>
    </Filter>
  </ItemGroup>
  <ItemGroup>
    <ClCompile Include="main.cpp">
      <Filter>Source Files</Filter>
    </ClCompile>
    <ClCompile Include="Engine\AABB.cpp">
      <Filter>Engine\Source</Filter>
    </ClCompile>
    <ClCompile Include="Engine\Engine.cpp">
      <Filter>Engine\Source</Filter>
    </ClCompile>
    <ClCompile Include="Engine\Input.cpp">
      <Filter>Engine\Source</Filter>
    </ClCompile>
    <ClCompile Include="Engine\Object2D.cpp">
      <Filter>Engine\Source</Filter>
    </ClCompile>
    <ClCompile Include="Engine\Object3D.cpp">
      <Filter>Engine\Source</Filter>
    </ClCompile>
    <ClCompile Include="Engine\Scene.cpp">
      <Filter>Engine\Source</Filter>
    </ClCompile>
    <ClCompile Include="Engine\ThreadPool.cpp">
      <Filter>Engine\Source</Filter>
    </ClCompile>
    <ClCompile Include="Engine\Transform.cpp">
      <Filter>Engine\Source</Filter>
    </ClCompile>
    <ClCompile Include="Engine\WinManager.cpp">
      <Filter>Engine\Source</Filter>
    </ClCompile>
    <ClCompile Include="Graphics\Camera.cpp">
      <Filter>Engine\Graphics</Filter>
    </ClCompile>
    <ClCompile Include="Graphics\ExampleMeshes.cpp">
      <Filter>Engine\Graphics</Filter>
    </ClCompile>
    <ClCompile Include="Graphics\Frustum.cpp">
      <Filter>Engine\Graphics</Filter>
    </ClCompile>
    <ClCompile Include="Graphics\Graphics.cpp">
      <Filter>Engine\Graphics</Filter>
    </ClCompile>
    <ClCompile Include="Graphics\Mesh.cpp">
      <Filter>Engine\Graphics</Filter>
    </ClCompile>
    <ClCompile Include="Graphics\Model.cpp">
      <Filter>Engine\Graphics</Filter>
    </ClCompile>
    <ClCompile Include="Graphics\Resources.cpp">
      <Filter>Engine\Graphics</Filter>
    </ClCompile>
    <ClCompile Include="Graphics\Shaders.cpp">
      <Filter>Engine\Graphics</Filter>
    </ClCompile>
    <ClCompile Include="Game\GameStart.cpp">
      <Filter>Source Files</Filter>
    </ClCompile>
    <ClCompile Include="Game\ExampleObject3D.cpp">
      <Filter>Source Files</Filter>
    </ClCompile>
    <ClCompile Include="Game\ChunkManager.cpp">
      <Filter>Source Files</Filter>
    </ClCompile>
    <ClCompile Include="Game\Chunk.cpp">
      <Filter>Source Files</Filter>
    </ClCompile>
    <ClCompile Include="Game\Blocks.cpp">
      <Filter>Source Files</Filter>
    </ClCompile>
    <ClCompile Include="Game\WorldGen.cpp">
      <Filter>Source Files</Filter>
    </ClCompile>
    <ClCompile Include="Game\ChunkMesh.cpp">
      <Filter>Source Files</Filter>
    </ClCompile>
    <ClCompile Include="Game\ChunkLight.cpp">
      <Filter>Source Files</Filter>
    </ClCompile>
    <ClCompile Include="Game\TitleScreen.cpp">
      <Filter>Source Files</Filter>
    </ClCompile>
    <ClCompile Include="Game\PlayerController.cpp">
      <Filter>Source Files</Filter>
    </ClCompile>
    <ClCompile Include="Game\VoxelRaycast.cpp">
      <Filter>Source Files</Filter>
    </ClCompile>
    <ClCompile Include="Game\ChunkDatabase.cpp">
      <Filter>Source Files</Filter>
    </ClCompile>
    <ClCompile Include="Game\VoxelLightingOld.cpp">
      <Filter>Source Files</Filter>
    </ClCompile>
    <ClCompile Include="Engine\UI\Label.cpp">
      <Filter>Engine\Source\UI</Filter>
    </ClCompile>
    <ClCompile Include="Engine\UI\UIRect.cpp">
      <Filter>Engine\Source\UI</Filter>
    </ClCompile>
    <ClCompile Include="Engine\UI\Button.cpp">
      <Filter>Engine\Source\UI</Filter>
    </ClCompile>
    <ClCompile Include="Engine\UI\TextInput.cpp">
      <Filter>Source Files</Filter>
    </ClCompile>
    <ClCompile Include="Engine\UI\HorizontalLayoutRect.cpp">
      <Filter>Source Files</Filter>
    </ClCompile>
    <ClCompile Include="Game\InventoryUI.cpp">
      <Filter>Source Files</Filter>
    </ClCompile>
    <ClCompile Include="Game\Items.cpp">
      <Filter>Source Files</Filter>
    </ClCompile>
    <ClCompile Include="Game\Inventory.cpp">
      <Filter>Source Files</Filter>
    </ClCompile>
    <ClCompile Include="Game\InventoryItem.cpp">
      <Filter>Source Files</Filter>
    </ClCompile>
    <ClCompile Include="Game\ItemIcon.cpp">
      <Filter>Source Files</Filter>
    </ClCompile>
    <ClCompile Include="Game\HeldItem.cpp">
      <Filter>Source Files</Filter>
    </ClCompile>
    <ClCompile Include="Game\Meshes\HeldItemMesh.cpp">
      <Filter>Source Files</Filter>
    </ClCompile>
    <ClCompile Include="Game\Crafting.cpp">
      <Filter>Source Files</Filter>
    </ClCompile>
    <ClCompile Include="Game\LootTables.cpp">
      <Filter>Source Files</Filter>
    </ClCompile>
    <ClCompile Include="Game\Entity.cpp">
      <Filter>Source Files</Filter>
    </ClCompile>
    <ClCompile Include="Game\Meshes\DroppedItemMesh.cpp">
      <Filter>Source Files</Filter>
    </ClCompile>
    <ClCompile Include="Game\DroppedItem.cpp">
      <Filter>Source Files</Filter>
    </ClCompile>
    <ClCompile Include="Engine\UI\ProgressBar.cpp">
      <Filter>Engine\Source\UI</Filter>
    </ClCompile>
    <ClCompile Include="Game\BlockAction.cpp">
      <Filter>Source Files</Filter>
    </ClCompile>
    <ClCompile Include="Game\ItemAction.cpp">
      <Filter>Source Files</Filter>
    </ClCompile>
    <ClCompile Include="Game\TableInterface.cpp">
      <Filter>Source Files</Filter>
    </ClCompile>
    <ClCompile Include="Game\CraftingUI.cpp">
      <Filter>Source Files</Filter>
    </ClCompile>
    <ClCompile Include="Game\FurnaceUI.cpp">
      <Filter>Source Files</Filter>
    </ClCompile>
    <ClCompile Include="Game\BlockData.cpp">
      <Filter>Source Files</Filter>
    </ClCompile>
    <ClCompile Include="Game\ChestUI.cpp">
      <Filter>Source Files</Filter>
    </ClCompile>
    <ClCompile Include="Game\PauseScreen.cpp">
      <Filter>Source Files</Filter>
    </ClCompile>
    <ClCompile Include="Game\GameScene.cpp">
      <Filter>Source Files</Filter>
    </ClCompile>
    <ClCompile Include="Game\PlayerData.cpp">
      <Filter>Source Files</Filter>
    </ClCompile>
    <ClCompile Include="Game\CreativeUI.cpp">
      <Filter>Source Files</Filter>
    </ClCompile>
    <ClCompile Include="Game\ItemCategory.cpp">
      <Filter>Source Files</Filter>
    </ClCompile>
    <ClCompile Include="Audio\Audio.cpp">
      <Filter>Engine\Audio</Filter>
    </ClCompile>
    <ClCompile Include="Game\BlockShape.cpp">
      <Filter>Source Files</Filter>
    </ClCompile>
    <ClCompile Include="Game\Biome.cpp">
      <Filter>Source Files</Filter>
    </ClCompile>
  </ItemGroup>
  <ItemGroup>
    <ClInclude Include="Engine\AABB.h">
      <Filter>Engine\Headers</Filter>
    </ClInclude>
    <ClInclude Include="Engine\Engine.h">
      <Filter>Engine\Headers</Filter>
    </ClInclude>
    <ClInclude Include="Engine\Input.h">
      <Filter>Engine\Headers</Filter>
    </ClInclude>
    <ClInclude Include="Engine\json.hpp">
      <Filter>Engine\Headers</Filter>
    </ClInclude>
    <ClInclude Include="Engine\MathUtil.h">
      <Filter>Engine\Headers</Filter>
    </ClInclude>
    <ClInclude Include="Engine\Object2D.h">
      <Filter>Engine\Headers</Filter>
    </ClInclude>
    <ClInclude Include="Engine\Object3D.h">
      <Filter>Engine\Headers</Filter>
    </ClInclude>
    <ClInclude Include="Engine\Scene.h">
      <Filter>Engine\Headers</Filter>
    </ClInclude>
    <ClInclude Include="Engine\ThreadPool.h">
      <Filter>Engine\Headers</Filter>
    </ClInclude>
    <ClInclude Include="Engine\Timer.h">
      <Filter>Engine\Headers</Filter>
    </ClInclude>
    <ClInclude Include="Engine\Transform.h">
      <Filter>Engine\Headers</Filter>
    </ClInclude>
    <ClInclude Include="Engine\WinManager.h">
      <Filter>Engine\Headers</Filter>
    </ClInclude>
    <ClInclude Include="Graphics\Camera.h">
      <Filter>Engine\Graphics</Filter>
    </ClInclude>
    <ClInclude Include="Graphics\ExampleMeshes.h">
      <Filter>Engine\Graphics</Filter>
    </ClInclude>
    <ClInclude Include="Graphics\Frustum.h">
      <Filter>Engine\Graphics</Filter>
    </ClInclude>
    <ClInclude Include="Graphics\Graphics.h">
      <Filter>Engine\Graphics</Filter>
    </ClInclude>
    <ClInclude Include="Graphics\Mesh.h">
      <Filter>Engine\Graphics</Filter>
    </ClInclude>
    <ClInclude Include="Graphics\Model.h">
      <Filter>Engine\Graphics</Filter>
    </ClInclude>
    <ClInclude Include="Graphics\Plane.h">
      <Filter>Engine\Graphics</Filter>
    </ClInclude>
    <ClInclude Include="Graphics\Resources.h">
      <Filter>Engine\Graphics</Filter>
    </ClInclude>
    <ClInclude Include="Graphics\Shaders.h">
      <Filter>Engine\Graphics</Filter>
    </ClInclude>
    <ClInclude Include="Graphics\Vertex.h">
      <Filter>Engine\Graphics</Filter>
    </ClInclude>
    <ClInclude Include="Game\ExampleObject3D.h">
      <Filter>Header Files</Filter>
    </ClInclude>
    <ClInclude Include="Game\GameStart.h">
      <Filter>Header Files</Filter>
    </ClInclude>
    <ClInclude Include="Game\ChunkManager.h">
      <Filter>Header Files</Filter>
    </ClInclude>
    <ClInclude Include="Game\Chunk.h">
      <Filter>Header Files</Filter>
    </ClInclude>
    <ClInclude Include="Game\Blocks.h">
      <Filter>Header Files</Filter>
    </ClInclude>
    <ClInclude Include="Game\WorldGen.h">
      <Filter>Header Files</Filter>
    </ClInclude>
    <ClInclude Include="Game\FastNoiseLite.h">
      <Filter>Header Files</Filter>
    </ClInclude>
    <ClInclude Include="Game\ShardGen.h">
      <Filter>Header Files</Filter>
    </ClInclude>
    <ClInclude Include="Game\TitleScreen.h">
      <Filter>Header Files</Filter>
    </ClInclude>
    <ClInclude Include="Game\PlayerController.h">
      <Filter>Header Files</Filter>
    </ClInclude>
    <ClInclude Include="Game\VoxelRaycast.h">
      <Filter>Header Files</Filter>
    </ClInclude>
    <ClInclude Include="Game\ChunkDatabase.h">
      <Filter>Header Files</Filter>
    </ClInclude>
    <ClInclude Include="Game\VoxelLightingOld.h">
      <Filter>Header Files</Filter>
    </ClInclude>
    <ClInclude Include="Engine\ThreadUtil.h">
      <Filter>Engine\Headers</Filter>
    </ClInclude>
    <ClInclude Include="Engine\UI\Label.h">
      <Filter>Engine\Headers\UI</Filter>
    </ClInclude>
    <ClInclude Include="Engine\UI\UIRect.h">
      <Filter>Engine\Headers\UI</Filter>
    </ClInclude>
    <ClInclude Include="Engine\UI\Button.h">
      <Filter>Engine\Headers\UI</Filter>
    </ClInclude>
    <ClInclude Include="Engine\UI\TextInput.h">
      <Filter>Header Files</Filter>
    </ClInclude>
    <ClInclude Include="Engine\UI\HorizontalLayoutRect.h">
      <Filter>Header Files</Filter>
    </ClInclude>
    <ClInclude Include="Game\InventoryUI.h">
      <Filter>Header Files</Filter>
    </ClInclude>
    <ClInclude Include="Game\Items.h">
      <Filter>Header Files</Filter>
    </ClInclude>
    <ClInclude Include="Game\InventoryItem.h">
      <Filter>Header Files</Filter>
    </ClInclude>
    <ClInclude Include="Game\Inventory.h">
      <Filter>Header Files</Filter>
    </ClInclude>
    <ClInclude Include="Game\ItemIcon.h">
      <Filter>Header Files</Filter>
    </ClInclude>
    <ClInclude Include="Game\HeldItem.h">
      <Filter>Header Files</Filter>
    </ClInclude>
    <ClInclude Include="Game\Meshes\HeldItemMesh.h">
      <Filter>Header Files</Filter>
    </ClInclude>
    <ClInclude Include="Game\ItemTypes.h">
      <Filter>Header Files</Filter>
    </ClInclude>
    <ClInclude Include="Game\CraftingUI.h">
      <Filter>Header Files</Filter>
    </ClInclude>
    <ClInclude Include="Game\Crafting.h">
      <Filter>Header Files</Filter>
    </ClInclude>
    <ClInclude Include="Game\LootTables.h">
      <Filter>Header Files</Filter>
    </ClInclude>
    <ClInclude Include="Game\Entity.h">
      <Filter>Header Files</Filter>
    </ClInclude>
    <ClInclude Include="Game\Meshes\DroppedItemMesh.h">
      <Filter>Header Files</Filter>
    </ClInclude>
    <ClInclude Include="Game\DroppedItem.h">
      <Filter>Header Files</Filter>
    </ClInclude>
    <ClInclude Include="Engine\UI\ProgressBar.h">
      <Filter>Engine\Headers\UI</Filter>
    </ClInclude>
    <ClInclude Include="Game\BlockAction.h">
      <Filter>Header Files</Filter>
    </ClInclude>
    <ClInclude Include="Game\ItemAction.h">
      <Filter>Header Files</Filter>
    </ClInclude>
    <ClInclude Include="Game\TableInterface.h">
      <Filter>Header Files</Filter>
    </ClInclude>
    <ClInclude Include="Game\FurnaceUI.h">
      <Filter>Header Files</Filter>
    </ClInclude>
    <ClInclude Include="Game\BlockData.h">
      <Filter>Header Files</Filter>
    </ClInclude>
    <ClInclude Include="Game\ChestUI.h">
      <Filter>Header Files</Filter>
    </ClInclude>
    <ClInclude Include="Game\PauseScreen.h">
      <Filter>Header Files</Filter>
    </ClInclude>
    <ClInclude Include="Game\GameScene.h">
      <Filter>Header Files</Filter>
    </ClInclude>
    <ClInclude Include="Game\PlayerData.h">
      <Filter>Header Files</Filter>
    </ClInclude>
    <ClInclude Include="Game\ChunkGenerationPhase.h">
      <Filter>Header Files</Filter>
    </ClInclude>
    <ClInclude Include="Game\CreativeUI.h">
      <Filter>Header Files</Filter>
    </ClInclude>
    <ClInclude Include="Game\ItemCategory.h">
      <Filter>Header Files</Filter>
    </ClInclude>
    <ClInclude Include="Audio\miniaudio.h">
      <Filter>Engine\Audio</Filter>
    </ClInclude>
    <ClInclude Include="Audio\Audio.h">
      <Filter>Engine\Audio</Filter>
    </ClInclude>
    <ClInclude Include="Graphics\DefaultCbuffers.h">
      <Filter>Engine\Graphics</Filter>
    </ClInclude>
    <ClInclude Include="Game\BlockShape.h">
      <Filter>Header Files</Filter>
    </ClInclude>
    <ClInclude Include="Game\Biome.h">
      <Filter>Header Files</Filter>
    </ClInclude>
  </ItemGroup>
  <ItemGroup>
    <FxCompile Include="Shaders\pixelshader.hlsl">
      <Filter>Resource Files</Filter>
    </FxCompile>
    <FxCompile Include="Shaders\vertexshader.hlsl">
      <Filter>Resource Files</Filter>
    </FxCompile>
    <FxCompile Include="Shaders\pixelshellgrass.hlsl">
      <Filter>Resource Files</Filter>
    </FxCompile>
    <FxCompile Include="Shaders\watervertexshader.hlsl">
      <Filter>Resource Files</Filter>
    </FxCompile>
    <FxCompile Include="Shaders\vertexshellgrass.hlsl">
      <Filter>Resource Files</Filter>
    </FxCompile>
    <FxCompile Include="Shaders\vertexshaderleaves.hlsl">
      <Filter>Resource Files</Filter>
    </FxCompile>
    <FxCompile Include="Shaders\chunkpixelshader.hlsl">
      <Filter>Resource Files</Filter>
    </FxCompile>
    <FxCompile Include="Shaders\shadowvertexshader.hlsl">
      <Filter>Resource Files</Filter>
    </FxCompile>
    <FxCompile Include="Shaders\shadowpixelshader.hlsl">
      <Filter>Resource Files</Filter>
    </FxCompile>
  </ItemGroup>
</Project>