
Microsoft Visual Studio Solution File, Format Version 12.00
# Visual Studio Version 17
VisualStudioVersion = 17.6.33829.357
MinimumVisualStudioVersion = 10.0.40219.1
Project("{FAE04EC0-301F-11D3-BF4B-00C04F79EFBC}") = "Scripting", "Scripting.csproj", "{E51267D1-A2F0-4C5D-8380-33D0F7BD7C14}"
EndProject
Global
	GlobalSection(SolutionConfigurationPlatforms) = preSolution
		Debug|Any CPU = Debug|Any CPU
		Release|Any CPU = Release|Any CPU
	EndGlobalSection
	GlobalSection(ProjectConfigurationPlatforms) = postSolution
		{E51267D1-A2F0-4C5D-8380-33D0F7BD7C14}.Debug|Any CPU.ActiveCfg = Debug|Any CPU
		{E51267D1-A2F0-4C5D-8380-33D0F7BD7C14}.Debug|Any CPU.Build.0 = Debug|Any CPU
		{E51267D1-A2F0-4C5D-8380-33D0F7BD7C14}.Release|Any CPU.ActiveCfg = Release|Any CPU
		{E51267D1-A2F0-4C5D-8380-33D0F7BD7C14}.Release|Any CPU.Build.0 = Release|Any CPU
	EndGlobalSection
	GlobalSection(SolutionProperties) = preSolution
		HideSolutionNode = FALSE
	EndGlobalSection
	GlobalSection(ExtensibilityGlobals) = postSolution
		SolutionGuid = {BD219B34-DADA-44E4-8186-757CD5894C69}
	EndGlobalSection
EndGlobal
